
Microsoft Visual Studio Solution File, Format Version 12.00
# Visual Studio 14
VisualStudioVersion = 14.0.25420.1
MinimumVisualStudioVersion = 10.0.40219.1
Project("{FAE04EC0-301F-11D3-BF4B-00C04F79EFBC}") = "SimpleApp", "SimpleApp\SimpleApp\SimpleApp.csproj", "{EADAD98F-623E-423C-96F2-A89C2203610A}"
EndProject
Project("{FAE04EC0-301F-11D3-BF4B-00C04F79EFBC}") = "SimpleApp.Droid", "SimpleApp\SimpleApp.Droid\SimpleApp.Droid.csproj", "{69E82625-377D-4545-B44C-28509B89995A}"
EndProject
Global
	GlobalSection(SolutionConfigurationPlatforms) = preSolution
		Ad-Hoc|Any CPU = Ad-Hoc|Any CPU
		Ad-Hoc|ARM = Ad-Hoc|ARM
		Ad-Hoc|iPhone = Ad-Hoc|iPhone
		Ad-Hoc|iPhoneSimulator = Ad-Hoc|iPhoneSimulator
		Ad-Hoc|x64 = Ad-Hoc|x64
		Ad-Hoc|x86 = Ad-Hoc|x86
		AppStore|Any CPU = AppStore|Any CPU
		AppStore|ARM = AppStore|ARM
		AppStore|iPhone = AppStore|iPhone
		AppStore|iPhoneSimulator = AppStore|iPhoneSimulator
		AppStore|x64 = AppStore|x64
		AppStore|x86 = AppStore|x86
		Debug|Any CPU = Debug|Any CPU
		Debug|ARM = Debug|ARM
		Debug|iPhone = Debug|iPhone
		Debug|iPhoneSimulator = Debug|iPhoneSimulator
		Debug|x64 = Debug|x64
		Debug|x86 = Debug|x86
		Release|Any CPU = Release|Any CPU
		Release|ARM = Release|ARM
		Release|iPhone = Release|iPhone
		Release|iPhoneSimulator = Release|iPhoneSimulator
		Release|x64 = Release|x64
		Release|x86 = Release|x86
	EndGlobalSection
	GlobalSection(ProjectConfigurationPlatforms) = postSolution
		{EADAD98F-623E-423C-96F2-A89C2203610A}.Ad-Hoc|Any CPU.ActiveCfg = Release|Any CPU
		{EADAD98F-623E-423C-96F2-A89C2203610A}.Ad-Hoc|Any CPU.Build.0 = Release|Any CPU
		{EADAD98F-623E-423C-96F2-A89C2203610A}.Ad-Hoc|ARM.ActiveCfg = Release|Any CPU
		{EADAD98F-623E-423C-96F2-A89C2203610A}.Ad-Hoc|ARM.Build.0 = Release|Any CPU
		{EADAD98F-623E-423C-96F2-A89C2203610A}.Ad-Hoc|iPhone.ActiveCfg = Release|Any CPU
		{EADAD98F-623E-423C-96F2-A89C2203610A}.Ad-Hoc|iPhone.Build.0 = Release|Any CPU
		{EADAD98F-623E-423C-96F2-A89C2203610A}.Ad-Hoc|iPhoneSimulator.ActiveCfg = Release|Any CPU
		{EADAD98F-623E-423C-96F2-A89C2203610A}.Ad-Hoc|iPhoneSimulator.Build.0 = Release|Any CPU
		{EADAD98F-623E-423C-96F2-A89C2203610A}.Ad-Hoc|x64.ActiveCfg = Release|Any CPU
		{EADAD98F-623E-423C-96F2-A89C2203610A}.Ad-Hoc|x64.Build.0 = Release|Any CPU
		{EADAD98F-623E-423C-96F2-A89C2203610A}.Ad-Hoc|x86.ActiveCfg = Release|Any CPU
		{EADAD98F-623E-423C-96F2-A89C2203610A}.Ad-Hoc|x86.Build.0 = Release|Any CPU
		{EADAD98F-623E-423C-96F2-A89C2203610A}.AppStore|Any CPU.ActiveCfg = Release|Any CPU
		{EADAD98F-623E-423C-96F2-A89C2203610A}.AppStore|Any CPU.Build.0 = Release|Any CPU
		{EADAD98F-623E-423C-96F2-A89C2203610A}.AppStore|ARM.ActiveCfg = Release|Any CPU
		{EADAD98F-623E-423C-96F2-A89C2203610A}.AppStore|ARM.Build.0 = Release|Any CPU
		{EADAD98F-623E-423C-96F2-A89C2203610A}.AppStore|iPhone.ActiveCfg = Release|Any CPU
		{EADAD98F-623E-423C-96F2-A89C2203610A}.AppStore|iPhone.Build.0 = Release|Any CPU
		{EADAD98F-623E-423C-96F2-A89C2203610A}.AppStore|iPhoneSimulator.ActiveCfg = Release|Any CPU
		{EADAD98F-623E-423C-96F2-A89C2203610A}.AppStore|iPhoneSimulator.Build.0 = Release|Any CPU
		{EADAD98F-623E-423C-96F2-A89C2203610A}.AppStore|x64.ActiveCfg = Release|Any CPU
		{EADAD98F-623E-423C-96F2-A89C2203610A}.AppStore|x64.Build.0 = Release|Any CPU
		{EADAD98F-623E-423C-96F2-A89C2203610A}.AppStore|x86.ActiveCfg = Release|Any CPU
		{EADAD98F-623E-423C-96F2-A89C2203610A}.AppStore|x86.Build.0 = Release|Any CPU
		{EADAD98F-623E-423C-96F2-A89C2203610A}.Debug|Any CPU.ActiveCfg = Debug|Any CPU
		{EADAD98F-623E-423C-96F2-A89C2203610A}.Debug|Any CPU.Build.0 = Debug|Any CPU
		{EADAD98F-623E-423C-96F2-A89C2203610A}.Debug|ARM.ActiveCfg = Debug|Any CPU
		{EADAD98F-623E-423C-96F2-A89C2203610A}.Debug|ARM.Build.0 = Debug|Any CPU
		{EADAD98F-623E-423C-96F2-A89C2203610A}.Debug|iPhone.ActiveCfg = Debug|Any CPU
		{EADAD98F-623E-423C-96F2-A89C2203610A}.Debug|iPhone.Build.0 = Debug|Any CPU
		{EADAD98F-623E-423C-96F2-A89C2203610A}.Debug|iPhoneSimulator.ActiveCfg = Debug|Any CPU
		{EADAD98F-623E-423C-96F2-A89C2203610A}.Debug|iPhoneSimulator.Build.0 = Debug|Any CPU
		{EADAD98F-623E-423C-96F2-A89C2203610A}.Debug|x64.ActiveCfg = Debug|Any CPU
		{EADAD98F-623E-423C-96F2-A89C2203610A}.Debug|x64.Build.0 = Debug|Any CPU
		{EADAD98F-623E-423C-96F2-A89C2203610A}.Debug|x86.ActiveCfg = Debug|Any CPU
		{EADAD98F-623E-423C-96F2-A89C2203610A}.Debug|x86.Build.0 = Debug|Any CPU
		{EADAD98F-623E-423C-96F2-A89C2203610A}.Release|Any CPU.ActiveCfg = Release|Any CPU
		{EADAD98F-623E-423C-96F2-A89C2203610A}.Release|Any CPU.Build.0 = Release|Any CPU
		{EADAD98F-623E-423C-96F2-A89C2203610A}.Release|ARM.ActiveCfg = Release|Any CPU
		{EADAD98F-623E-423C-96F2-A89C2203610A}.Release|ARM.Build.0 = Release|Any CPU
		{EADAD98F-623E-423C-96F2-A89C2203610A}.Release|iPhone.ActiveCfg = Release|Any CPU
		{EADAD98F-623E-423C-96F2-A89C2203610A}.Release|iPhone.Build.0 = Release|Any CPU
		{EADAD98F-623E-423C-96F2-A89C2203610A}.Release|iPhoneSimulator.ActiveCfg = Release|Any CPU
		{EADAD98F-623E-423C-96F2-A89C2203610A}.Release|iPhoneSimulator.Build.0 = Release|Any CPU
		{EADAD98F-623E-423C-96F2-A89C2203610A}.Release|x64.ActiveCfg = Release|Any CPU
		{EADAD98F-623E-423C-96F2-A89C2203610A}.Release|x64.Build.0 = Release|Any CPU
		{EADAD98F-623E-423C-96F2-A89C2203610A}.Release|x86.ActiveCfg = Release|Any CPU
		{EADAD98F-623E-423C-96F2-A89C2203610A}.Release|x86.Build.0 = Release|Any CPU
		{69E82625-377D-4545-B44C-28509B89995A}.Ad-Hoc|Any CPU.ActiveCfg = Release|Any CPU
		{69E82625-377D-4545-B44C-28509B89995A}.Ad-Hoc|Any CPU.Build.0 = Release|Any CPU
		{69E82625-377D-4545-B44C-28509B89995A}.Ad-Hoc|Any CPU.Deploy.0 = Release|Any CPU
		{69E82625-377D-4545-B44C-28509B89995A}.Ad-Hoc|ARM.ActiveCfg = Release|Any CPU
		{69E82625-377D-4545-B44C-28509B89995A}.Ad-Hoc|ARM.Build.0 = Release|Any CPU
		{69E82625-377D-4545-B44C-28509B89995A}.Ad-Hoc|ARM.Deploy.0 = Release|Any CPU
		{69E82625-377D-4545-B44C-28509B89995A}.Ad-Hoc|iPhone.ActiveCfg = Release|Any CPU
		{69E82625-377D-4545-B44C-28509B89995A}.Ad-Hoc|iPhone.Build.0 = Release|Any CPU
		{69E82625-377D-4545-B44C-28509B89995A}.Ad-Hoc|iPhone.Deploy.0 = Release|Any CPU
		{69E82625-377D-4545-B44C-28509B89995A}.Ad-Hoc|iPhoneSimulator.ActiveCfg = Release|Any CPU
		{69E82625-377D-4545-B44C-28509B89995A}.Ad-Hoc|iPhoneSimulator.Build.0 = Release|Any CPU
		{69E82625-377D-4545-B44C-28509B89995A}.Ad-Hoc|iPhoneSimulator.Deploy.0 = Release|Any CPU
		{69E82625-377D-4545-B44C-28509B89995A}.Ad-Hoc|x64.ActiveCfg = Release|Any CPU
		{69E82625-377D-4545-B44C-28509B89995A}.Ad-Hoc|x64.Build.0 = Release|Any CPU
		{69E82625-377D-4545-B44C-28509B89995A}.Ad-Hoc|x64.Deploy.0 = Release|Any CPU
		{69E82625-377D-4545-B44C-28509B89995A}.Ad-Hoc|x86.ActiveCfg = Release|Any CPU
		{69E82625-377D-4545-B44C-28509B89995A}.Ad-Hoc|x86.Build.0 = Release|Any CPU
		{69E82625-377D-4545-B44C-28509B89995A}.Ad-Hoc|x86.Deploy.0 = Release|Any CPU
		{69E82625-377D-4545-B44C-28509B89995A}.AppStore|Any CPU.ActiveCfg = Release|Any CPU
		{69E82625-377D-4545-B44C-28509B89995A}.AppStore|Any CPU.Build.0 = Release|Any CPU
		{69E82625-377D-4545-B44C-28509B89995A}.AppStore|Any CPU.Deploy.0 = Release|Any CPU
		{69E82625-377D-4545-B44C-28509B89995A}.AppStore|ARM.ActiveCfg = Release|Any CPU
		{69E82625-377D-4545-B44C-28509B89995A}.AppStore|ARM.Build.0 = Release|Any CPU
		{69E82625-377D-4545-B44C-28509B89995A}.AppStore|ARM.Deploy.0 = Release|Any CPU
		{69E82625-377D-4545-B44C-28509B89995A}.AppStore|iPhone.ActiveCfg = Release|Any CPU
		{69E82625-377D-4545-B44C-28509B89995A}.AppStore|iPhone.Build.0 = Release|Any CPU
		{69E82625-377D-4545-B44C-28509B89995A}.AppStore|iPhone.Deploy.0 = Release|Any CPU
		{69E82625-377D-4545-B44C-28509B89995A}.AppStore|iPhoneSimulator.ActiveCfg = Release|Any CPU
		{69E82625-377D-4545-B44C-28509B89995A}.AppStore|iPhoneSimulator.Build.0 = Release|Any CPU
		{69E82625-377D-4545-B44C-28509B89995A}.AppStore|iPhoneSimulator.Deploy.0 = Release|Any CPU
		{69E82625-377D-4545-B44C-28509B89995A}.AppStore|x64.ActiveCfg = Release|Any CPU
		{69E82625-377D-4545-B44C-28509B89995A}.AppStore|x64.Build.0 = Release|Any CPU
		{69E82625-377D-4545-B44C-28509B89995A}.AppStore|x64.Deploy.0 = Release|Any CPU
		{69E82625-377D-4545-B44C-28509B89995A}.AppStore|x86.ActiveCfg = Release|Any CPU
		{69E82625-377D-4545-B44C-28509B89995A}.AppStore|x86.Build.0 = Release|Any CPU
		{69E82625-377D-4545-B44C-28509B89995A}.AppStore|x86.Deploy.0 = Release|Any CPU
		{69E82625-377D-4545-B44C-28509B89995A}.Debug|Any CPU.ActiveCfg = Debug|Any CPU
		{69E82625-377D-4545-B44C-28509B89995A}.Debug|Any CPU.Build.0 = Debug|Any CPU
		{69E82625-377D-4545-B44C-28509B89995A}.Debug|Any CPU.Deploy.0 = Debug|Any CPU
		{69E82625-377D-4545-B44C-28509B89995A}.Debug|ARM.ActiveCfg = Debug|Any CPU
		{69E82625-377D-4545-B44C-28509B89995A}.Debug|ARM.Build.0 = Debug|Any CPU
		{69E82625-377D-4545-B44C-28509B89995A}.Debug|ARM.Deploy.0 = Debug|Any CPU
		{69E82625-377D-4545-B44C-28509B89995A}.Debug|iPhone.ActiveCfg = Debug|Any CPU
		{69E82625-377D-4545-B44C-28509B89995A}.Debug|iPhone.Build.0 = Debug|Any CPU
		{69E82625-377D-4545-B44C-28509B89995A}.Debug|iPhone.Deploy.0 = Debug|Any CPU
		{69E82625-377D-4545-B44C-28509B89995A}.Debug|iPhoneSimulator.ActiveCfg = Debug|Any CPU
		{69E82625-377D-4545-B44C-28509B89995A}.Debug|iPhoneSimulator.Build.0 = Debug|Any CPU
		{69E82625-377D-4545-B44C-28509B89995A}.Debug|iPhoneSimulator.Deploy.0 = Debug|Any CPU
		{69E82625-377D-4545-B44C-28509B89995A}.Debug|x64.ActiveCfg = Debug|Any CPU
		{69E82625-377D-4545-B44C-28509B89995A}.Debug|x64.Build.0 = Debug|Any CPU
		{69E82625-377D-4545-B44C-28509B89995A}.Debug|x64.Deploy.0 = Debug|Any CPU
		{69E82625-377D-4545-B44C-28509B89995A}.Debug|x86.ActiveCfg = Debug|Any CPU
		{69E82625-377D-4545-B44C-28509B89995A}.Debug|x86.Build.0 = Debug|Any CPU
		{69E82625-377D-4545-B44C-28509B89995A}.Debug|x86.Deploy.0 = Debug|Any CPU
		{69E82625-377D-4545-B44C-28509B89995A}.Release|Any CPU.ActiveCfg = Release|Any CPU
		{69E82625-377D-4545-B44C-28509B89995A}.Release|Any CPU.Build.0 = Release|Any CPU
		{69E82625-377D-4545-B44C-28509B89995A}.Release|Any CPU.Deploy.0 = Release|Any CPU
		{69E82625-377D-4545-B44C-28509B89995A}.Release|ARM.ActiveCfg = Release|Any CPU
		{69E82625-377D-4545-B44C-28509B89995A}.Release|ARM.Build.0 = Release|Any CPU
		{69E82625-377D-4545-B44C-28509B89995A}.Release|ARM.Deploy.0 = Release|Any CPU
		{69E82625-377D-4545-B44C-28509B89995A}.Release|iPhone.ActiveCfg = Release|Any CPU
		{69E82625-377D-4545-B44C-28509B89995A}.Release|iPhone.Build.0 = Release|Any CPU
		{69E82625-377D-4545-B44C-28509B89995A}.Release|iPhone.Deploy.0 = Release|Any CPU
		{69E82625-377D-4545-B44C-28509B89995A}.Release|iPhoneSimulator.ActiveCfg = Release|Any CPU
		{69E82625-377D-4545-B44C-28509B89995A}.Release|iPhoneSimulator.Build.0 = Release|Any CPU
		{69E82625-377D-4545-B44C-28509B89995A}.Release|iPhoneSimulator.Deploy.0 = Release|Any CPU
		{69E82625-377D-4545-B44C-28509B89995A}.Release|x64.ActiveCfg = Release|Any CPU
		{69E82625-377D-4545-B44C-28509B89995A}.Release|x64.Build.0 = Release|Any CPU
		{69E82625-377D-4545-B44C-28509B89995A}.Release|x64.Deploy.0 = Release|Any CPU
		{69E82625-377D-4545-B44C-28509B89995A}.Release|x86.ActiveCfg = Release|Any CPU
		{69E82625-377D-4545-B44C-28509B89995A}.Release|x86.Build.0 = Release|Any CPU
		{69E82625-377D-4545-B44C-28509B89995A}.Release|x86.Deploy.0 = Release|Any CPU
	EndGlobalSection
	GlobalSection(SolutionProperties) = preSolution
		HideSolutionNode = FALSE
	EndGlobalSection
EndGlobal
